
Microsoft Visual Studio Solution File, Format Version 12.00
# Visual Studio 15
VisualStudioVersion = 15.0.28307.329
MinimumVisualStudioVersion = 10.0.40219.1
Project("{FAE04EC0-301F-11D3-BF4B-00C04F79EFBC}") = "WebMVCPRUEBA", "WebMVCPRUEBA\WebMVCPRUEBA.csproj", "{899EE1D1-F3F7-4B4C-AD1B-15CB79DA8128}"
EndProject
Global
	GlobalSection(SolutionConfigurationPlatforms) = preSolution
		Debug|Any CPU = Debug|Any CPU
		Release|Any CPU = Release|Any CPU
	EndGlobalSection
	GlobalSection(ProjectConfigurationPlatforms) = postSolution
		{899EE1D1-F3F7-4B4C-AD1B-15CB79DA8128}.Debug|Any CPU.ActiveCfg = Debug|Any CPU
		{899EE1D1-F3F7-4B4C-AD1B-15CB79DA8128}.Debug|Any CPU.Build.0 = Debug|Any CPU
		{899EE1D1-F3F7-4B4C-AD1B-15CB79DA8128}.Release|Any CPU.ActiveCfg = Release|Any CPU
		{899EE1D1-F3F7-4B4C-AD1B-15CB79DA8128}.Release|Any CPU.Build.0 = Release|Any CPU
	EndGlobalSection
	GlobalSection(SolutionProperties) = preSolution
		HideSolutionNode = FALSE
	EndGlobalSection
	GlobalSection(ExtensibilityGlobals) = postSolution
		SolutionGuid = {9AA88C84-758A-46B2-91E6-72205E895DEE}
	EndGlobalSection
EndGlobal
